
Microsoft Visual Studio Solution File, Format Version 12.00
# Visual Studio 15
VisualStudioVersion = 15.0.27130.2024
MinimumVisualStudioVersion = 10.0.40219.1
Project("{FAE04EC0-301F-11D3-BF4B-00C04F79EFBC}") = "Start9.Host", "Start9\Start9.Host.csproj", "{15840142-395D-429A-90E6-4956766FD251}"
EndProject
Project("{FAE04EC0-301F-11D3-BF4B-00C04F79EFBC}") = "Start9.Host.View", "Start9.Host.View\Start9.Host.View.csproj", "{7BC86905-7687-425D-B288-6ABEB016302A}"
EndProject
Project("{FAE04EC0-301F-11D3-BF4B-00C04F79EFBC}") = "Start9.Host.Adapter", "Start9.Host.Adapter\Start9.Host.Adapter.csproj", "{0EF7D5DE-592C-4AED-AAA1-00058FA9173E}"
EndProject
Global
	GlobalSection(SolutionConfigurationPlatforms) = preSolution
		Debug|Any CPU = Debug|Any CPU
		Release|Any CPU = Release|Any CPU
	EndGlobalSection
	GlobalSection(ProjectConfigurationPlatforms) = postSolution
		{15840142-395D-429A-90E6-4956766FD251}.Debug|Any CPU.ActiveCfg = Debug|Any CPU
		{15840142-395D-429A-90E6-4956766FD251}.Debug|Any CPU.Build.0 = Debug|Any CPU
		{15840142-395D-429A-90E6-4956766FD251}.Release|Any CPU.ActiveCfg = Release|Any CPU
		{15840142-395D-429A-90E6-4956766FD251}.Release|Any CPU.Build.0 = Release|Any CPU
		{7BC86905-7687-425D-B288-6ABEB016302A}.Debug|Any CPU.ActiveCfg = Debug|Any CPU
		{7BC86905-7687-425D-B288-6ABEB016302A}.Debug|Any CPU.Build.0 = Debug|Any CPU
		{7BC86905-7687-425D-B288-6ABEB016302A}.Release|Any CPU.ActiveCfg = Release|Any CPU
		{7BC86905-7687-425D-B288-6ABEB016302A}.Release|Any CPU.Build.0 = Release|Any CPU
		{0EF7D5DE-592C-4AED-AAA1-00058FA9173E}.Debug|Any CPU.ActiveCfg = Debug|Any CPU
		{0EF7D5DE-592C-4AED-AAA1-00058FA9173E}.Debug|Any CPU.Build.0 = Debug|Any CPU
		{0EF7D5DE-592C-4AED-AAA1-00058FA9173E}.Release|Any CPU.ActiveCfg = Release|Any CPU
		{0EF7D5DE-592C-4AED-AAA1-00058FA9173E}.Release|Any CPU.Build.0 = Release|Any CPU
	EndGlobalSection
	GlobalSection(SolutionProperties) = preSolution
		HideSolutionNode = FALSE
	EndGlobalSection
	GlobalSection(ExtensibilityGlobals) = postSolution
		SolutionGuid = {1481EFDE-D689-4688-A650-4EBD9EAFB195}
	EndGlobalSection
EndGlobal
