
Microsoft Visual Studio Solution File, Format Version 12.00
# Visual Studio 15
VisualStudioVersion = 15.0.27130.2024
MinimumVisualStudioVersion = 10.0.40219.1
Project("{FAE04EC0-301F-11D3-BF4B-00C04F79EFBC}") = "Start9", "Start9\Start9.csproj", "{15840142-395D-429A-90E6-4956766FD251}"
EndProject
Global
	GlobalSection(SolutionConfigurationPlatforms) = preSolution
		Debug|Any CPU = Debug|Any CPU
		Release|Any CPU = Release|Any CPU
	EndGlobalSection
	GlobalSection(ProjectConfigurationPlatforms) = postSolution
		{15840142-395D-429A-90E6-4956766FD251}.Debug|Any CPU.ActiveCfg = Debug|Any CPU
		{15840142-395D-429A-90E6-4956766FD251}.Debug|Any CPU.Build.0 = Debug|Any CPU
		{15840142-395D-429A-90E6-4956766FD251}.Release|Any CPU.ActiveCfg = Release|Any CPU
		{15840142-395D-429A-90E6-4956766FD251}.Release|Any CPU.Build.0 = Release|Any CPU
	EndGlobalSection
	GlobalSection(SolutionProperties) = preSolution
		HideSolutionNode = FALSE
	EndGlobalSection
	GlobalSection(ExtensibilityGlobals) = postSolution
		SolutionGuid = {1481EFDE-D689-4688-A650-4EBD9EAFB195}
	EndGlobalSection
EndGlobal
