
Microsoft Visual Studio Solution File, Format Version 12.00
# Visual Studio 15
VisualStudioVersion = 15.0.27004.2009
MinimumVisualStudioVersion = 10.0.40219.1
Project("{FAE04EC0-301F-11D3-BF4B-00C04F79EFBC}") = "Menu7601", "Menu7601\Menu7601.csproj", "{27927D60-C42B-4495-85D1-3F4B07F466E8}"
EndProject
Global
	GlobalSection(SolutionConfigurationPlatforms) = preSolution
		Debug|Any CPU = Debug|Any CPU
		Release|Any CPU = Release|Any CPU
	EndGlobalSection
	GlobalSection(ProjectConfigurationPlatforms) = postSolution
		{27927D60-C42B-4495-85D1-3F4B07F466E8}.Debug|Any CPU.ActiveCfg = Debug|Any CPU
		{27927D60-C42B-4495-85D1-3F4B07F466E8}.Debug|Any CPU.Build.0 = Debug|Any CPU
		{27927D60-C42B-4495-85D1-3F4B07F466E8}.Release|Any CPU.ActiveCfg = Release|Any CPU
		{27927D60-C42B-4495-85D1-3F4B07F466E8}.Release|Any CPU.Build.0 = Release|Any CPU
	EndGlobalSection
	GlobalSection(SolutionProperties) = preSolution
		HideSolutionNode = FALSE
	EndGlobalSection
	GlobalSection(ExtensibilityGlobals) = postSolution
		SolutionGuid = {C31C41E5-6AB4-409D-A6DD-0E9F5F66B556}
	EndGlobalSection
EndGlobal
