
Microsoft Visual Studio Solution File, Format Version 12.00
# Visual Studio 15
VisualStudioVersion = 15.0.27004.2009
MinimumVisualStudioVersion = 10.0.40219.1
Project("{FAE04EC0-301F-11D3-BF4B-00C04F79EFBC}") = "MenuJumpstart", "MenuJumpstart\MenuJumpstart.csproj", "{52E25DC6-D642-4AEA-9D4F-BC54118B442A}"
EndProject
Global
	GlobalSection(SolutionConfigurationPlatforms) = preSolution
		Debug|Any CPU = Debug|Any CPU
		Release|Any CPU = Release|Any CPU
	EndGlobalSection
	GlobalSection(ProjectConfigurationPlatforms) = postSolution
		{52E25DC6-D642-4AEA-9D4F-BC54118B442A}.Debug|Any CPU.ActiveCfg = Debug|Any CPU
		{52E25DC6-D642-4AEA-9D4F-BC54118B442A}.Debug|Any CPU.Build.0 = Debug|Any CPU
		{52E25DC6-D642-4AEA-9D4F-BC54118B442A}.Release|Any CPU.ActiveCfg = Release|Any CPU
		{52E25DC6-D642-4AEA-9D4F-BC54118B442A}.Release|Any CPU.Build.0 = Release|Any CPU
	EndGlobalSection
	GlobalSection(SolutionProperties) = preSolution
		HideSolutionNode = FALSE
	EndGlobalSection
	GlobalSection(ExtensibilityGlobals) = postSolution
		SolutionGuid = {5EECF9FC-0745-4066-8523-630BCC97737C}
	EndGlobalSection
EndGlobal
